
Microsoft Visual Studio Solution File, Format Version 12.00
# Visual Studio Version 17
VisualStudioVersion = 17.13.35919.96 d17.13
MinimumVisualStudioVersion = 10.0.40219.1
Project("{FAE04EC0-301F-11D3-BF4B-00C04F79EFBC}") = "Server", "Server\Server.csproj", "{628CDFA8-E402-47CC-BC6D-F5CFA0903CB4}"
EndProject
Global
	GlobalSection(SolutionConfigurationPlatforms) = preSolution
		Debug|Any CPU = Debug|Any CPU
		Release|Any CPU = Release|Any CPU
	EndGlobalSection
	GlobalSection(ProjectConfigurationPlatforms) = postSolution
		{628CDFA8-E402-47CC-BC6D-F5CFA0903CB4}.Debug|Any CPU.ActiveCfg = Debug|Any CPU
		{628CDFA8-E402-47CC-BC6D-F5CFA0903CB4}.Debug|Any CPU.Build.0 = Debug|Any CPU
		{628CDFA8-E402-47CC-BC6D-F5CFA0903CB4}.Release|Any CPU.ActiveCfg = Release|Any CPU
		{628CDFA8-E402-47CC-BC6D-F5CFA0903CB4}.Release|Any CPU.Build.0 = Release|Any CPU
	EndGlobalSection
	GlobalSection(SolutionProperties) = preSolution
		HideSolutionNode = FALSE
	EndGlobalSection
	GlobalSection(ExtensibilityGlobals) = postSolution
		SolutionGuid = {82334BA3-D8A5-4E62-BDF9-6C94AD6DDAE1}
	EndGlobalSection
EndGlobal
